{
  "version": 1,
  "dependencies": {
    ".NETnanoFramework,Version=v1.0": {
      "nanoFramework.CoreLibrary": {
        "type": "Direct",
        "requested": "[1.12.0, 1.12.0]",
        "resolved": "1.12.0",
        "contentHash": "qQrFNXmJiStMC4VXk5cVMOJp23/qlT9FW5i9i+igwQVwraQTtvpkam8yK1hj992jqrbjoCIFZP4Hw9E8H0pB7w=="
      },
      "nanoFramework.Runtime.Events": {
        "type": "Direct",
        "requested": "[1.11.1, 1.11.1]",
        "resolved": "1.11.1",
        "contentHash": "hHRPhNagq1T0oN9QJfPOqreuWUV42DJamT0f7GrPQvrOYcr9ne4YTZq8MIpudvKtSALs50iYqxJ+raOF2CiNsA=="
      },
      "nanoFramework.Runtime.Native": {
        "type": "Direct",
        "requested": "[1.5.4, 1.5.4]",
        "resolved": "1.5.4",
        "contentHash": "qfaOY1O5TOEw//MO4AOWRq5CdZXTfd3KnsGTNU2yw+IEYKiQLPkJhtF3ufF/S04xfXL556S2kOFG3/RZrwQ4Qw=="
      },
      "nanoFramework.System.IO.Streams": {
        "type": "Direct",
        "requested": "[1.1.24, 1.1.24]",
        "resolved": "1.1.24",
        "contentHash": "hisJ4S40j22CWhgEe6WuayZcoxUpMPn3HdlSpgZ+UAG+YMTJ7FqokvMQc59OnQr0K/Pe25qEp/eazWYSE9VUjg=="
      },
      "nanoFramework.System.Net": {
        "type": "Direct",
        "requested": "[1.10.34, 1.10.34]",
        "resolved": "1.10.34",
        "contentHash": "K6C35+UlxhfuzdYwQDLoxrygp1q++9wT+fonmAqcjSApIGjImVbhV3UbIKEpJoqfKEzVfoaMYzY1IzK05TLUYw=="
      },
      "nanoFramework.System.Text": {
        "type": "Direct",
        "requested": "[1.2.22, 1.2.22]",
        "resolved": "1.2.22",
        "contentHash": "vLvU0II3oJfajQ8MgNm8aCkaQ2JhjznzruwksOorbMJf86zLRbA5NUeg9X/KjbAE5pIalitUOqtNLKorYTbYGg=="
      },
      "nanoFramework.System.Threading": {
        "type": "Direct",
        "requested": "[1.1.8, 1.1.8]",
        "resolved": "1.1.8",
        "contentHash": "oES5GN3KHoDzifRNr06WM7P9NaQf+kDmIYkr1ETR2awmERHz4sRpECduGEatwyo1vMhMvZY/KoBcEpAyKNbDgQ=="
      }
    }
  }
}