
Microsoft Visual Studio Solution File, Format Version 12.00
# Visual Studio 15
VisualStudioVersion = 15.0.28010.2003
MinimumVisualStudioVersion = 10.0.40219.1
Project("{9A19103F-16F7-4668-BE54-9A1E7A4F7556}") = "M2Mqtt.Core", "M2Mqtt\M2Mqtt.Core.csproj", "{16E1B038-4EF7-4D60-860D-6F2B82A83732}"
EndProject
Project("{FAE04EC0-301F-11D3-BF4B-00C04F79EFBC}") = "M2Mqtt.Net", "M2Mqtt\M2Mqtt.Net.csproj", "{DF20BCE2-EBBB-41B3-801F-8343AD2D2A82}"
EndProject
Project("{FAE04EC0-301F-11D3-BF4B-00C04F79EFBC}") = "M2Mqtt.Mono", "M2Mqtt\M2Mqtt.Mono.csproj", "{9B706DEC-4CE7-4764-BDBE-8A5F855E5857}"
EndProject
Project("{FAE04EC0-301F-11D3-BF4B-00C04F79EFBC}") = "M2Mqtt.WinRT", "M2Mqtt\M2Mqtt.WinRT.csproj", "{0238F0E3-A02B-428D-8A3F-410D8F15BB50}"
EndProject
Project("{FAE04EC0-301F-11D3-BF4B-00C04F79EFBC}") = "Example.Net", "test\Example.Net.csproj", "{B7D0F4D1-B4FC-4FF1-9A5E-ADEF6BEA7127}"
EndProject
Global
	GlobalSection(SolutionConfigurationPlatforms) = preSolution
		Debug|Any CPU = Debug|Any CPU
		Release|Any CPU = Release|Any CPU
	EndGlobalSection
	GlobalSection(ProjectConfigurationPlatforms) = postSolution
		{16E1B038-4EF7-4D60-860D-6F2B82A83732}.Debug|Any CPU.ActiveCfg = Debug|Any CPU
		{16E1B038-4EF7-4D60-860D-6F2B82A83732}.Debug|Any CPU.Build.0 = Debug|Any CPU
		{16E1B038-4EF7-4D60-860D-6F2B82A83732}.Release|Any CPU.ActiveCfg = Release|Any CPU
		{16E1B038-4EF7-4D60-860D-6F2B82A83732}.Release|Any CPU.Build.0 = Release|Any CPU
		{DF20BCE2-EBBB-41B3-801F-8343AD2D2A82}.Debug|Any CPU.ActiveCfg = Debug|Any CPU
		{DF20BCE2-EBBB-41B3-801F-8343AD2D2A82}.Debug|Any CPU.Build.0 = Debug|Any CPU
		{DF20BCE2-EBBB-41B3-801F-8343AD2D2A82}.Release|Any CPU.ActiveCfg = Release|Any CPU
		{DF20BCE2-EBBB-41B3-801F-8343AD2D2A82}.Release|Any CPU.Build.0 = Release|Any CPU
		{9B706DEC-4CE7-4764-BDBE-8A5F855E5857}.Debug|Any CPU.ActiveCfg = Debug|Any CPU
		{9B706DEC-4CE7-4764-BDBE-8A5F855E5857}.Release|Any CPU.ActiveCfg = Release|Any CPU
		{0238F0E3-A02B-428D-8A3F-410D8F15BB50}.Debug|Any CPU.ActiveCfg = Debug|Any CPU
		{0238F0E3-A02B-428D-8A3F-410D8F15BB50}.Release|Any CPU.ActiveCfg = Release|Any CPU
		{B7D0F4D1-B4FC-4FF1-9A5E-ADEF6BEA7127}.Debug|Any CPU.ActiveCfg = Debug|Any CPU
		{B7D0F4D1-B4FC-4FF1-9A5E-ADEF6BEA7127}.Release|Any CPU.ActiveCfg = Release|Any CPU
	EndGlobalSection
	GlobalSection(SolutionProperties) = preSolution
		HideSolutionNode = FALSE
	EndGlobalSection
	GlobalSection(ExtensibilityGlobals) = postSolution
		SolutionGuid = {A50086D5-2816-4448-96E2-631270C57149}
	EndGlobalSection
EndGlobal
