
Microsoft Visual Studio Solution File, Format Version 11.00
# Visual Studio 2010
Project("{FAE04EC0-301F-11D3-BF4B-00C04F79EFBC}") = "M2MqttMono", "M2Mqtt\M2MqttMono.csproj", "{9B706DEC-4CE7-4764-BDBE-8A5F855E5857}"
EndProject
Global
	GlobalSection(SolutionConfigurationPlatforms) = preSolution
		Debug|Any CPU = Debug|Any CPU
		Release|Any CPU = Release|Any CPU
	EndGlobalSection
	GlobalSection(ProjectConfigurationPlatforms) = postSolution
		{9B706DEC-4CE7-4764-BDBE-8A5F855E5857}.Debug|Any CPU.ActiveCfg = Debug|Any CPU
		{9B706DEC-4CE7-4764-BDBE-8A5F855E5857}.Debug|Any CPU.Build.0 = Debug|Any CPU
		{9B706DEC-4CE7-4764-BDBE-8A5F855E5857}.Release|Any CPU.ActiveCfg = Release|Any CPU
		{9B706DEC-4CE7-4764-BDBE-8A5F855E5857}.Release|Any CPU.Build.0 = Release|Any CPU
	EndGlobalSection
	GlobalSection(MonoDevelopProperties) = preSolution
		StartupItem = M2Mqtt\M2MqttMono.csproj
	EndGlobalSection
EndGlobal
