{
  "version": 1,
  "dependencies": {
    ".NETnanoFramework,Version=v1.0": {
      "nanoFramework.CoreLibrary": {
        "type": "Direct",
        "requested": "[1.12.0, 1.12.0]",
        "resolved": "1.12.0",
        "contentHash": "qQrFNXmJiStMC4VXk5cVMOJp23/qlT9FW5i9i+igwQVwraQTtvpkam8yK1hj992jqrbjoCIFZP4Hw9E8H0pB7w=="
      },
      "nanoFramework.System.Text": {
        "type": "Direct",
        "requested": "[1.2.22, 1.2.22]",
        "resolved": "1.2.22",
        "contentHash": "vLvU0II3oJfajQ8MgNm8aCkaQ2JhjznzruwksOorbMJf86zLRbA5NUeg9X/KjbAE5pIalitUOqtNLKorYTbYGg=="
      },
      "nanoFramework.TestFramework": {
        "type": "Direct",
        "requested": "[2.1.53, 2.1.53]",
        "resolved": "2.1.53",
        "contentHash": "Qr070ITYv5XZ6E54+bDhFEOaCOcrx/oSOUK/uWYnQrCLTH9Tanf/fhEnWOViMk8nOiuXsPtY00Aen+57lrVsFg=="
      }
    }
  }
}