{
  "version": 1,
  "dependencies": {
    ".NETnanoFramework,Version=v1.0": {
      "nanoFramework.CoreLibrary": {
        "type": "Direct",
        "requested": "[1.14.2, 1.14.2]",
        "resolved": "1.14.2",
        "contentHash": "j1mrz4mitl5LItvmHMsw1aHzCAfvTTgIkRxA0mhs5mSpctJ/BBcuNwua5j3MspfRNKreCQPy/qZy/D9ADLL/PA=="
      },
      "nanoFramework.System.Text": {
        "type": "Direct",
        "requested": "[1.2.37, 1.2.37]",
        "resolved": "1.2.37",
        "contentHash": "ORgRq0HSynSBhlXRTHdhzZiOdq/nRhdnX+DeIGw56y9OSc8dvqUz6elm97Jz+4WQ6ikpvs5PFGINAa35kBebwQ=="
      },
      "nanoFramework.TestFramework": {
        "type": "Direct",
        "requested": "[2.1.85, 2.1.85]",
        "resolved": "2.1.85",
        "contentHash": "UAydT9MgZfufPcLpn5KbFZkR3ul6zSt9ERYDPDen7IWxeT+fGpRTes8QTWfhgMsxF3E27b3wI6K6wwWQkeGuFQ=="
      }
    }
  }
}