{
  "version": 1,
  "dependencies": {
    ".NETnanoFramework,Version=v1.0": {
      "nanoFramework.CoreLibrary": {
        "type": "Direct",
        "requested": "[1.14.2, 1.14.2]",
        "resolved": "1.14.2",
        "contentHash": "j1mrz4mitl5LItvmHMsw1aHzCAfvTTgIkRxA0mhs5mSpctJ/BBcuNwua5j3MspfRNKreCQPy/qZy/D9ADLL/PA=="
      },
      "nanoFramework.Runtime.Events": {
        "type": "Direct",
        "requested": "[1.11.6, 1.11.6]",
        "resolved": "1.11.6",
        "contentHash": "xkltRh/2xKaZ9zmPHbVr32s1k+e17AInUBhzxKKkUDicJKF39yzTShSklb1OL6DBER5z71SpkGLyl9IdMK9l6w=="
      },
      "nanoFramework.Runtime.Native": {
        "type": "Direct",
        "requested": "[1.6.6, 1.6.6]",
        "resolved": "1.6.6",
        "contentHash": "ySEYUh8bTiFYAUce3uQLfOvvnunTx10j7Xsw+ChlS+nXFC/kCctgTob7k1McZrxqTs0CZo+Ux5eW4oYKzx25aw=="
      },
      "nanoFramework.System.Device.Wifi": {
        "type": "Direct",
        "requested": "[1.5.37, 1.5.37]",
        "resolved": "1.5.37",
        "contentHash": "cEw1fQSGeqTN5ziBb1GJiPPj+13f3/Sp6NpLud4tPCpEMhsibvlyDDvFmqbVI3nKBkcuMKSIxriEKQNEqEGShA=="
      },
      "nanoFramework.System.IO.Streams": {
        "type": "Direct",
        "requested": "[1.1.27, 1.1.27]",
        "resolved": "1.1.27",
        "contentHash": "9ho/C/ZIQrBw51UnzLVbSc//kE1mDcgykGEZH8p+A5Q4R7JMVwdEKlNQXWr1VHEkGbv2wbyos6nRLqu2rdjpwA=="
      },
      "nanoFramework.System.Net": {
        "type": "Direct",
        "requested": "[1.10.38, 1.10.38]",
        "resolved": "1.10.38",
        "contentHash": "vMGSqPoJvvXmpJXir/QH7vgj3n3M/705IQtmWRo0a99HdVaXnc0iZmmRtLi8JKNGngwEDZ0ge4+ZBBqqtSsyrw=="
      },
      "nanoFramework.System.Text": {
        "type": "Direct",
        "requested": "[1.2.22, 1.2.22]",
        "resolved": "1.2.22",
        "contentHash": "vLvU0II3oJfajQ8MgNm8aCkaQ2JhjznzruwksOorbMJf86zLRbA5NUeg9X/KjbAE5pIalitUOqtNLKorYTbYGg=="
      },
      "nanoFramework.System.Threading": {
        "type": "Direct",
        "requested": "[1.1.19, 1.1.19]",
        "resolved": "1.1.19",
        "contentHash": "HjnY0DNoFnU+t1GiH8Wgf7pJCD9yMOcLVtAZXVAhstMKisVN/MDj9TvfXxZScRIz7ZDoZYUnb+Ixfl6rqyppvA=="
      }
    }
  }
}