{
  "version": 1,
  "dependencies": {
    ".NETnanoFramework,Version=v1.0": {
      "nanoFramework.CoreLibrary": {
        "type": "Direct",
        "requested": "[1.12.0, 1.12.0]",
        "resolved": "1.12.0",
        "contentHash": "qQrFNXmJiStMC4VXk5cVMOJp23/qlT9FW5i9i+igwQVwraQTtvpkam8yK1hj992jqrbjoCIFZP4Hw9E8H0pB7w=="
      },
      "nanoFramework.NetWorkHelper": {
        "type": "Direct",
        "requested": "[1.3.4-preview.40, 1.3.4-preview.40]",
        "resolved": "1.3.4-preview.40",
        "contentHash": "1F2pXcHL5mzyNAvwRwc4P0iMMwvY3eLoJ8ahHdYSUo/CzY3VyW7qMUlVPGEeaOGz3S6DgiBClv9osOM56AQ1BA=="
      },
      "nanoFramework.Runtime.Events": {
        "type": "Direct",
        "requested": "[1.11.1, 1.11.1]",
        "resolved": "1.11.1",
        "contentHash": "hHRPhNagq1T0oN9QJfPOqreuWUV42DJamT0f7GrPQvrOYcr9ne4YTZq8MIpudvKtSALs50iYqxJ+raOF2CiNsA=="
      },
      "nanoFramework.System.Collections": {
        "type": "Direct",
        "requested": "[1.4.0, 1.4.0]",
        "resolved": "1.4.0",
        "contentHash": "/yFwxtCFzi+24NuyxcwlH1YyBGOxRX4oHGLwVmFbgbvOyx3ny/Mwyk2YjHTzmTSgUg9C2XxPF+EkXWwCOAkytw=="
      },
      "nanoFramework.System.IO.Streams": {
        "type": "Direct",
        "requested": "[1.1.15, 1.1.15]",
        "resolved": "1.1.15",
        "contentHash": "eb7Zz3G301mgRo13n609wZvyaXZ/C9unPYn5Vz34OAEdGX1RDJufpcW+2v28ux3goj8x2BXuj717d4VVVJUotA=="
      },
      "nanoFramework.System.Net": {
        "type": "Direct",
        "requested": "[1.10.24, 1.10.24]",
        "resolved": "1.10.24",
        "contentHash": "Hj4cE9TiGNJRG+wWJVKKBzL5bRtIqbWRraeP7yJKARUg8i+8xvTqQ/M2mxwhGGS5cf8yGtLJ++MWQMT/231LFw=="
      },
      "nanoFramework.System.Text": {
        "type": "Direct",
        "requested": "[1.2.7, 1.2.7]",
        "resolved": "1.2.7",
        "contentHash": "ax4CrqYHNXoEBjaIW7dIv1CM4PxWcCc6lN2xSzGLZf7F/JZ0O7t0el86PPN2P/DfOyyBKSDAmrZjEx4q8mvgSw=="
      },
      "nanoFramework.System.Threading": {
        "type": "Direct",
        "requested": "[1.1.8, 1.1.8]",
        "resolved": "1.1.8",
        "contentHash": "oES5GN3KHoDzifRNr06WM7P9NaQf+kDmIYkr1ETR2awmERHz4sRpECduGEatwyo1vMhMvZY/KoBcEpAyKNbDgQ=="
      },
      "nanoFramework.Windows.Devices.Wifi": {
        "type": "Direct",
        "requested": "[1.3.4-preview.39, 1.3.4-preview.39]",
        "resolved": "1.3.4-preview.39",
        "contentHash": "CB17iLS9kaJe7hzGNAMhRo0H5ZwL0cjAvKE5nn9Sfk63YSDSzhpaMZ9DToCrvSAvg1VjAo9kIawa4bXdHeke5A=="
      }
    }
  }
}